{
    "version": 3,
    "terraform_version": "0.11.7",
    "serial": 104,
    "lineage": "307e7967-e096-8842-572b-614e2c977742",
    "modules": [
        {
            "path": [
                "root"
            ],
            "outputs": {
                "jenkins_public_ip": {
                    "sensitive": false,
                    "type": "string",
                    "value": "34.254.193.41"
                },
                "manager_public_ip": {
                    "sensitive": false,
                    "type": "string",
                    "value": "34.254.195.114"
                }
            },
            "resources": {
                "aws_instance.jenkins": {
                    "type": "aws_instance",
                    "depends_on": [
                        "aws_key_pair.default",
                        "aws_security_group.default"
                    ],
                    "primary": {
                        "id": "i-0b79ba50bcd115e80",
                        "attributes": {
                            "ami": "ami-2a7d75c0",
                            "associate_public_ip_address": "true",
                            "availability_zone": "eu-west-1c",
                            "credit_specification.#": "1",
                            "credit_specification.0.cpu_credits": "standard",
                            "disable_api_termination": "false",
                            "ebs_block_device.#": "0",
                            "ebs_optimized": "false",
                            "ephemeral_block_device.#": "0",
                            "get_password_data": "false",
                            "iam_instance_profile": "",
                            "id": "i-0b79ba50bcd115e80",
                            "instance_state": "running",
                            "instance_type": "t2.micro",
                            "ipv6_addresses.#": "0",
                            "key_name": "kirill-ivanov",
                            "monitoring": "false",
                            "network_interface.#": "0",
                            "network_interface_id": "eni-0dc55fca10f201120",
                            "password_data": "",
                            "placement_group": "",
                            "primary_network_interface_id": "eni-0dc55fca10f201120",
                            "private_dns": "ip-172-31-9-123.eu-west-1.compute.internal",
                            "private_ip": "172.31.9.123",
                            "public_dns": "ec2-34-254-193-41.eu-west-1.compute.amazonaws.com",
                            "public_ip": "34.254.193.41",
                            "root_block_device.#": "1",
                            "root_block_device.0.delete_on_termination": "true",
                            "root_block_device.0.iops": "100",
                            "root_block_device.0.volume_id": "vol-08e251e2c1b93476e",
                            "root_block_device.0.volume_size": "8",
                            "root_block_device.0.volume_type": "gp2",
                            "security_groups.#": "1",
                            "security_groups.1674551478": "sgswarmcluster",
                            "source_dest_check": "true",
                            "subnet_id": "subnet-d0eb14b6",
                            "tags.%": "1",
                            "tags.Name": "kirill-ivanov jenkins",
                            "tenancy": "default",
                            "user_data": "f6938f4a75213c01a8bfafb7fa71142315239b88",
                            "volume_tags.%": "0",
                            "vpc_security_group_ids.#": "1",
                            "vpc_security_group_ids.2965152596": "sg-05ba80cf9c4105637"
                        },
                        "meta": {
                            "e2bfb730-ecaa-11e6-8f88-34363bc7c4c0": {
                                "create": 600000000000,
                                "delete": 1200000000000,
                                "update": 600000000000
                            },
                            "schema_version": "1"
                        },
                        "tainted": false
                    },
                    "deposed": [],
                    "provider": "provider.aws"
                },
                "aws_instance.master": {
                    "type": "aws_instance",
                    "depends_on": [
                        "aws_key_pair.default",
                        "aws_security_group.default"
                    ],
                    "primary": {
                        "id": "i-019bccc7f8d8a6d28",
                        "attributes": {
                            "ami": "ami-2a7d75c0",
                            "associate_public_ip_address": "true",
                            "availability_zone": "eu-west-1c",
                            "credit_specification.#": "1",
                            "credit_specification.0.cpu_credits": "standard",
                            "disable_api_termination": "false",
                            "ebs_block_device.#": "0",
                            "ebs_optimized": "false",
                            "ephemeral_block_device.#": "0",
                            "get_password_data": "false",
                            "iam_instance_profile": "",
                            "id": "i-019bccc7f8d8a6d28",
                            "instance_state": "running",
                            "instance_type": "t2.micro",
                            "ipv6_addresses.#": "0",
                            "key_name": "kirill-ivanov",
                            "monitoring": "false",
                            "network_interface.#": "0",
                            "network_interface_id": "eni-0a618adfded377df8",
                            "password_data": "",
                            "placement_group": "",
                            "primary_network_interface_id": "eni-0a618adfded377df8",
                            "private_dns": "ip-172-31-13-29.eu-west-1.compute.internal",
                            "private_ip": "172.31.13.29",
                            "public_dns": "ec2-34-254-195-114.eu-west-1.compute.amazonaws.com",
                            "public_ip": "34.254.195.114",
                            "root_block_device.#": "1",
                            "root_block_device.0.delete_on_termination": "true",
                            "root_block_device.0.iops": "100",
                            "root_block_device.0.volume_id": "vol-060781a2370d71eca",
                            "root_block_device.0.volume_size": "8",
                            "root_block_device.0.volume_type": "gp2",
                            "security_groups.#": "1",
                            "security_groups.1674551478": "sgswarmcluster",
                            "source_dest_check": "true",
                            "subnet_id": "subnet-d0eb14b6",
                            "tags.%": "1",
                            "tags.Name": "kirill-ivanov master",
                            "tenancy": "default",
                            "user_data": "ae141139cff81de6ce78d340f7ad483340b468bf",
                            "volume_tags.%": "0",
                            "vpc_security_group_ids.#": "1",
                            "vpc_security_group_ids.2965152596": "sg-05ba80cf9c4105637"
                        },
                        "meta": {
                            "e2bfb730-ecaa-11e6-8f88-34363bc7c4c0": {
                                "create": 600000000000,
                                "delete": 1200000000000,
                                "update": 600000000000
                            },
                            "schema_version": "1"
                        },
                        "tainted": false
                    },
                    "deposed": [],
                    "provider": "provider.aws"
                },
                "aws_instance.worker1": {
                    "type": "aws_instance",
                    "depends_on": [
                        "aws_key_pair.default",
                        "aws_security_group.default"
                    ],
                    "primary": {
                        "id": "i-0799ea726deff0470",
                        "attributes": {
                            "ami": "ami-2a7d75c0",
                            "associate_public_ip_address": "true",
                            "availability_zone": "eu-west-1c",
                            "credit_specification.#": "1",
                            "credit_specification.0.cpu_credits": "standard",
                            "disable_api_termination": "false",
                            "ebs_block_device.#": "0",
                            "ebs_optimized": "false",
                            "ephemeral_block_device.#": "0",
                            "get_password_data": "false",
                            "iam_instance_profile": "",
                            "id": "i-0799ea726deff0470",
                            "instance_state": "running",
                            "instance_type": "t2.micro",
                            "ipv6_addresses.#": "0",
                            "key_name": "kirill-ivanov",
                            "monitoring": "false",
                            "network_interface.#": "0",
                            "network_interface_id": "eni-098a8d12263184db1",
                            "password_data": "",
                            "placement_group": "",
                            "primary_network_interface_id": "eni-098a8d12263184db1",
                            "private_dns": "ip-172-31-6-73.eu-west-1.compute.internal",
                            "private_ip": "172.31.6.73",
                            "public_dns": "ec2-34-252-80-12.eu-west-1.compute.amazonaws.com",
                            "public_ip": "34.252.80.12",
                            "root_block_device.#": "1",
                            "root_block_device.0.delete_on_termination": "true",
                            "root_block_device.0.iops": "100",
                            "root_block_device.0.volume_id": "vol-063da79087b8088c2",
                            "root_block_device.0.volume_size": "8",
                            "root_block_device.0.volume_type": "gp2",
                            "security_groups.#": "1",
                            "security_groups.1674551478": "sgswarmcluster",
                            "source_dest_check": "true",
                            "subnet_id": "subnet-d0eb14b6",
                            "tags.%": "1",
                            "tags.Name": "kirill-ivanov worker",
                            "tenancy": "default",
                            "user_data": "f6938f4a75213c01a8bfafb7fa71142315239b88",
                            "volume_tags.%": "0",
                            "vpc_security_group_ids.#": "1",
                            "vpc_security_group_ids.2965152596": "sg-05ba80cf9c4105637"
                        },
                        "meta": {
                            "e2bfb730-ecaa-11e6-8f88-34363bc7c4c0": {
                                "create": 600000000000,
                                "delete": 1200000000000,
                                "update": 600000000000
                            },
                            "schema_version": "1"
                        },
                        "tainted": false
                    },
                    "deposed": [],
                    "provider": "provider.aws"
                },
                "aws_key_pair.default": {
                    "type": "aws_key_pair",
                    "depends_on": [],
                    "primary": {
                        "id": "kirill-ivanov",
                        "attributes": {
                            "fingerprint": "cd:23:6b:3b:4e:74:a4:e7:19:75:f8:11:6c:70:93:3b",
                            "id": "kirill-ivanov",
                            "key_name": "kirill-ivanov",
                            "public_key": "ssh-rsa AAAAB3NzaC1yc2EAAAABJQAAAIEAl29VEVpezAyuaLOCPSW0ar4rv3wA5O2oE8jr55qwpj8Aurj/79dKFYibIuHEPqwFOqMS1/ZJe3PMuGnP+4nzdXO5p/WVTNZA6JDFC3sIj+ufnIgFCf4uJkli3RxJAcGqxtpz2nlBPCLfyOiRgbNbqKGIacY5gAbENTc+zQzf+M0= dj-kerya"
                        },
                        "meta": {
                            "schema_version": "1"
                        },
                        "tainted": false
                    },
                    "deposed": [],
                    "provider": "provider.aws"
                },
                "aws_security_group.default": {
                    "type": "aws_security_group",
                    "depends_on": [],
                    "primary": {
                        "id": "sg-05ba80cf9c4105637",
                        "attributes": {
                            "arn": "arn:aws:ec2:eu-west-1:717986625066:security-group/sg-05ba80cf9c4105637",
                            "description": "Managed by Terraform",
                            "egress.#": "1",
                            "egress.1403647648.cidr_blocks.#": "1",
                            "egress.1403647648.cidr_blocks.0": "0.0.0.0/0",
                            "egress.1403647648.description": "",
                            "egress.1403647648.from_port": "0",
                            "egress.1403647648.ipv6_cidr_blocks.#": "0",
                            "egress.1403647648.prefix_list_ids.#": "0",
                            "egress.1403647648.protocol": "tcp",
                            "egress.1403647648.security_groups.#": "0",
                            "egress.1403647648.self": "false",
                            "egress.1403647648.to_port": "65535",
                            "id": "sg-05ba80cf9c4105637",
                            "ingress.#": "2",
                            "ingress.1403647648.cidr_blocks.#": "1",
                            "ingress.1403647648.cidr_blocks.0": "0.0.0.0/0",
                            "ingress.1403647648.description": "",
                            "ingress.1403647648.from_port": "0",
                            "ingress.1403647648.ipv6_cidr_blocks.#": "0",
                            "ingress.1403647648.protocol": "tcp",
                            "ingress.1403647648.security_groups.#": "0",
                            "ingress.1403647648.self": "false",
                            "ingress.1403647648.to_port": "65535",
                            "ingress.1799340084.cidr_blocks.#": "1",
                            "ingress.1799340084.cidr_blocks.0": "0.0.0.0/0",
                            "ingress.1799340084.description": "",
                            "ingress.1799340084.from_port": "-1",
                            "ingress.1799340084.ipv6_cidr_blocks.#": "0",
                            "ingress.1799340084.protocol": "icmp",
                            "ingress.1799340084.security_groups.#": "0",
                            "ingress.1799340084.self": "false",
                            "ingress.1799340084.to_port": "-1",
                            "name": "sgswarmcluster",
                            "owner_id": "717986625066",
                            "revoke_rules_on_delete": "false",
                            "tags.%": "0",
                            "vpc_id": "vpc-6440e402"
                        },
                        "meta": {
                            "e2bfb730-ecaa-11e6-8f88-34363bc7c4c0": {
                                "create": 600000000000,
                                "delete": 600000000000
                            },
                            "schema_version": "1"
                        },
                        "tainted": false
                    },
                    "deposed": [],
                    "provider": "provider.aws"
                }
            },
            "depends_on": []
        }
    ]
}
